
Microsoft Visual Studio Solution File, Format Version 12.00
# Visual Studio Version 17
VisualStudioVersion = 17.8.34330.188
MinimumVisualStudioVersion = 10.0.40219.1
Project("{FAE04EC0-301F-11D3-BF4B-00C04F79EFBC}") = "MathQuiz", "MathQuiz\MathQuiz.csproj", "{01205E1F-9BFD-4499-B748-5171331BEF83}"
EndProject
Global
	GlobalSection(SolutionConfigurationPlatforms) = preSolution
		Debug|Any CPU = Debug|Any CPU
		Release|Any CPU = Release|Any CPU
	EndGlobalSection
	GlobalSection(ProjectConfigurationPlatforms) = postSolution
		{01205E1F-9BFD-4499-B748-5171331BEF83}.Debug|Any CPU.ActiveCfg = Debug|Any CPU
		{01205E1F-9BFD-4499-B748-5171331BEF83}.Debug|Any CPU.Build.0 = Debug|Any CPU
		{01205E1F-9BFD-4499-B748-5171331BEF83}.Release|Any CPU.ActiveCfg = Release|Any CPU
		{01205E1F-9BFD-4499-B748-5171331BEF83}.Release|Any CPU.Build.0 = Release|Any CPU
	EndGlobalSection
	GlobalSection(SolutionProperties) = preSolution
		HideSolutionNode = FALSE
	EndGlobalSection
	GlobalSection(ExtensibilityGlobals) = postSolution
		SolutionGuid = {97659E2F-3A67-459B-B464-8CAD779A4F5E}
	EndGlobalSection
EndGlobal
